<?xml version="1.0" encoding="utf-8"?>
<Project ToolsVersion="4.0" xmlns="http://schemas.microsoft.com/developer/msbuild/2003">
  <ItemGroup>
    <ClCompile Include="Main.cpp" />
    <ClCompile Include="Performance.cpp" />
    <ClCompile Include="TestList.cpp" />
    <ClCompile Include="TestSets.cpp" />
  </ItemGroup>
  <ItemGroup>
    <ClInclude Include="Test.h" />
    <ClInclude Include="BitVectorSet.h" />
    <ClInclude Include="catch.hpp" />
    <ClInclude Include="HashSet.h" />
    <ClInclude Include="List.h" />
    <ClInclude Include="MixedSet.h" />
    <ClInclude Include="vec3.h" />
  </ItemGroup>
</Project>